// !$*UTF8*$!
{
	archiveVersion = 1;
	classes = {
	};
	objectVersion = 55;
	objects = {

/* Begin PBXBuildFile section */
		FF00266F2853052600E08B9A /* BooksCollectionViewCell.swift in Sources */ = {isa = PBXBuildFile; fileRef = FF00266E2853052600E08B9A /* BooksCollectionViewCell.swift */; };
		FF523D6B285381DB0019BE05 /* ModalWindowController.swift in Sources */ = {isa = PBXBuildFile; fileRef = FF523D6A285381DB0019BE05 /* ModalWindowController.swift */; };
		FF523D712853821D0019BE05 /* ModalWindowView.swift in Sources */ = {isa = PBXBuildFile; fileRef = FF523D702853821D0019BE05 /* ModalWindowView.swift */; };
		FF676BC72849D7000045102E /* AppDelegate.swift in Sources */ = {isa = PBXBuildFile; fileRef = FF676BC62849D7000045102E /* AppDelegate.swift */; };
		FF676BCB2849D7000045102E /* ViewController.swift in Sources */ = {isa = PBXBuildFile; fileRef = FF676BCA2849D7000045102E /* ViewController.swift */; };
		FF676BCE2849D7000045102E /* Main.storyboard in Resources */ = {isa = PBXBuildFile; fileRef = FF676BCC2849D7000045102E /* Main.storyboard */; };
		FF676BD02849D7020045102E /* Assets.xcassets in Resources */ = {isa = PBXBuildFile; fileRef = FF676BCF2849D7020045102E /* Assets.xcassets */; };
		FF676BD32849D7020045102E /* LaunchScreen.storyboard in Resources */ = {isa = PBXBuildFile; fileRef = FF676BD12849D7020045102E /* LaunchScreen.storyboard */; };
		FF676BE42849DAEB0045102E /* TypeBookController.swift in Sources */ = {isa = PBXBuildFile; fileRef = FF676BE32849DAEB0045102E /* TypeBookController.swift */; };
		FF676BE72849DB0E0045102E /* ReceptsController.swift in Sources */ = {isa = PBXBuildFile; fileRef = FF676BE62849DB0E0045102E /* ReceptsController.swift */; };
		FF676BE92849DB1F0045102E /* FilmsController.swift in Sources */ = {isa = PBXBuildFile; fileRef = FF676BE82849DB1F0045102E /* FilmsController.swift */; };
		FF676BEC2849DCDA0045102E /* UIColor+Extention.swift in Sources */ = {isa = PBXBuildFile; fileRef = FF676BEB2849DCDA0045102E /* UIColor+Extention.swift */; };
		FF676BEF2849DE750045102E /* BooksModel.swift in Sources */ = {isa = PBXBuildFile; fileRef = FF676BEE2849DE750045102E /* BooksModel.swift */; };
		FF676BF12849DEB90045102E /* Books.swift in Sources */ = {isa = PBXBuildFile; fileRef = FF676BF02849DEB90045102E /* Books.swift */; };
		FF676BFB284A54690045102E /* TypeBookView.swift in Sources */ = {isa = PBXBuildFile; fileRef = FF676BFA284A54690045102E /* TypeBookView.swift */; };
		FF676C02284A69E10045102E /* HeaderView.swift in Sources */ = {isa = PBXBuildFile; fileRef = FF676C01284A69E10045102E /* HeaderView.swift */; };
		FF763B42284B11C60001B113 /* TypeBookCollectionViewCell.swift in Sources */ = {isa = PBXBuildFile; fileRef = FF763B41284B11C60001B113 /* TypeBookCollectionViewCell.swift */; };
		FF763B44284C72700001B113 /* BooksTypeModel.swift in Sources */ = {isa = PBXBuildFile; fileRef = FF763B43284C72700001B113 /* BooksTypeModel.swift */; };
		FFBC95C3285237E8001E36A2 /* BooksView.swift in Sources */ = {isa = PBXBuildFile; fileRef = FFBC95C2285237E8001E36A2 /* BooksView.swift */; };
		FFE17770284DC3A300235496 /* BooksController.swift in Sources */ = {isa = PBXBuildFile; fileRef = FFE1776F284DC3A300235496 /* BooksController.swift */; };
		FFE17774284E0B3200235496 /* Delegate.swift in Sources */ = {isa = PBXBuildFile; fileRef = FFE17773284E0B3200235496 /* Delegate.swift */; };
/* End PBXBuildFile section */

/* Begin PBXFileReference section */
		FF00266E2853052600E08B9A /* BooksCollectionViewCell.swift */ = {isa = PBXFileReference; lastKnownFileType = sourcecode.swift; path = BooksCollectionViewCell.swift; sourceTree = "<group>"; };
		FF523D6A285381DB0019BE05 /* ModalWindowController.swift */ = {isa = PBXFileReference; lastKnownFileType = sourcecode.swift; path = ModalWindowController.swift; sourceTree = "<group>"; };
		FF523D702853821D0019BE05 /* ModalWindowView.swift */ = {isa = PBXFileReference; lastKnownFileType = sourcecode.swift; path = ModalWindowView.swift; sourceTree = "<group>"; };
		FF676BC32849D7000045102E /* Recommendations.app */ = {isa = PBXFileReference; explicitFileType = wrapper.application; includeInIndex = 0; path = Recommendations.app; sourceTree = BUILT_PRODUCTS_DIR; };
		FF676BC62849D7000045102E /* AppDelegate.swift */ = {isa = PBXFileReference; lastKnownFileType = sourcecode.swift; path = AppDelegate.swift; sourceTree = "<group>"; };
		FF676BCA2849D7000045102E /* ViewController.swift */ = {isa = PBXFileReference; lastKnownFileType = sourcecode.swift; path = ViewController.swift; sourceTree = "<group>"; };
		FF676BCD2849D7000045102E /* Base */ = {isa = PBXFileReference; lastKnownFileType = file.storyboard; name = Base; path = Base.lproj/Main.storyboard; sourceTree = "<group>"; };
		FF676BCF2849D7020045102E /* Assets.xcassets */ = {isa = PBXFileReference; lastKnownFileType = folder.assetcatalog; path = Assets.xcassets; sourceTree = "<group>"; };
		FF676BD22849D7020045102E /* Base */ = {isa = PBXFileReference; lastKnownFileType = file.storyboard; name = Base; path = Base.lproj/LaunchScreen.storyboard; sourceTree = "<group>"; };
		FF676BD42849D7020045102E /* Info.plist */ = {isa = PBXFileReference; lastKnownFileType = text.plist.xml; path = Info.plist; sourceTree = "<group>"; };
		FF676BE32849DAEB0045102E /* TypeBookController.swift */ = {isa = PBXFileReference; lastKnownFileType = sourcecode.swift; path = TypeBookController.swift; sourceTree = "<group>"; };
		FF676BE62849DB0E0045102E /* ReceptsController.swift */ = {isa = PBXFileReference; lastKnownFileType = sourcecode.swift; path = ReceptsController.swift; sourceTree = "<group>"; };
		FF676BE82849DB1F0045102E /* FilmsController.swift */ = {isa = PBXFileReference; lastKnownFileType = sourcecode.swift; path = FilmsController.swift; sourceTree = "<group>"; };
		FF676BEB2849DCDA0045102E /* UIColor+Extention.swift */ = {isa = PBXFileReference; lastKnownFileType = sourcecode.swift; path = "UIColor+Extention.swift"; sourceTree = "<group>"; };
		FF676BEE2849DE750045102E /* BooksModel.swift */ = {isa = PBXFileReference; lastKnownFileType = sourcecode.swift; path = BooksModel.swift; sourceTree = "<group>"; };
		FF676BF02849DEB90045102E /* Books.swift */ = {isa = PBXFileReference; lastKnownFileType = sourcecode.swift; path = Books.swift; sourceTree = "<group>"; };
		FF676BFA284A54690045102E /* TypeBookView.swift */ = {isa = PBXFileReference; lastKnownFileType = sourcecode.swift; path = TypeBookView.swift; sourceTree = "<group>"; };
		FF676C01284A69E10045102E /* HeaderView.swift */ = {isa = PBXFileReference; lastKnownFileType = sourcecode.swift; path = HeaderView.swift; sourceTree = "<group>"; };
		FF763B41284B11C60001B113 /* TypeBookCollectionViewCell.swift */ = {isa = PBXFileReference; lastKnownFileType = sourcecode.swift; path = TypeBookCollectionViewCell.swift; sourceTree = "<group>"; };
		FF763B43284C72700001B113 /* BooksTypeModel.swift */ = {isa = PBXFileReference; lastKnownFileType = sourcecode.swift; path = BooksTypeModel.swift; sourceTree = "<group>"; };
		FFBC95C2285237E8001E36A2 /* BooksView.swift */ = {isa = PBXFileReference; lastKnownFileType = sourcecode.swift; path = BooksView.swift; sourceTree = "<group>"; };
		FFE1776F284DC3A300235496 /* BooksController.swift */ = {isa = PBXFileReference; lastKnownFileType = sourcecode.swift; path = BooksController.swift; sourceTree = "<group>"; };
		FFE17773284E0B3200235496 /* Delegate.swift */ = {isa = PBXFileReference; lastKnownFileType = sourcecode.swift; path = Delegate.swift; sourceTree = "<group>"; };
/* End PBXFileReference section */

/* Begin PBXFrameworksBuildPhase section */
		FF676BC02849D7000045102E /* Frameworks */ = {
			isa = PBXFrameworksBuildPhase;
			buildActionMask = 2147483647;
			files = (
			);
			runOnlyForDeploymentPostprocessing = 0;
		};
/* End PBXFrameworksBuildPhase section */

/* Begin PBXGroup section */
		FF523D69285381C20019BE05 /* ModalWindow */ = {
			isa = PBXGroup;
			children = (
				FF523D702853821D0019BE05 /* ModalWindowView.swift */,
			);
			path = ModalWindow;
			sourceTree = "<group>";
		};
		FF523D6F285381FF0019BE05 /* ModalWindow */ = {
			isa = PBXGroup;
			children = (
				FF523D6A285381DB0019BE05 /* ModalWindowController.swift */,
			);
			path = ModalWindow;
			sourceTree = "<group>";
		};
		FF676BBA2849D7000045102E = {
			isa = PBXGroup;
			children = (
				FF676BC52849D7000045102E /* Recommendations */,
				FF676BC42849D7000045102E /* Products */,
			);
			sourceTree = "<group>";
		};
		FF676BC42849D7000045102E /* Products */ = {
			isa = PBXGroup;
			children = (
				FF676BC32849D7000045102E /* Recommendations.app */,
			);
			name = Products;
			sourceTree = "<group>";
		};
		FF676BC52849D7000045102E /* Recommendations */ = {
			isa = PBXGroup;
			children = (
				FF676BDA2849D7B10045102E /* Resource */,
				FF676BDB2849D7BE0045102E /* Source */,
			);
			path = Recommendations;
			sourceTree = "<group>";
		};
		FF676BDA2849D7B10045102E /* Resource */ = {
			isa = PBXGroup;
			children = (
				FF676BCF2849D7020045102E /* Assets.xcassets */,
				FF676BDD2849D8200045102E /* Storyboards */,
				FF676BDC2849D8170045102E /* Configs */,
			);
			path = Resource;
			sourceTree = "<group>";
		};
		FF676BDB2849D7BE0045102E /* Source */ = {
			isa = PBXGroup;
			children = (
				FF676BDE2849D82B0045102E /* App */,
				FF676BDF2849D8330045102E /* Scenes */,
			);
			path = Source;
			sourceTree = "<group>";
		};
		FF676BDC2849D8170045102E /* Configs */ = {
			isa = PBXGroup;
			children = (
				FF676BD42849D7020045102E /* Info.plist */,
			);
			path = Configs;
			sourceTree = "<group>";
		};
		FF676BDD2849D8200045102E /* Storyboards */ = {
			isa = PBXGroup;
			children = (
				FF676BCC2849D7000045102E /* Main.storyboard */,
				FF676BD12849D7020045102E /* LaunchScreen.storyboard */,
			);
			path = Storyboards;
			sourceTree = "<group>";
		};
		FF676BDE2849D82B0045102E /* App */ = {
			isa = PBXGroup;
			children = (
				FF676BC62849D7000045102E /* AppDelegate.swift */,
			);
			path = App;
			sourceTree = "<group>";
		};
		FF676BDF2849D8330045102E /* Scenes */ = {
			isa = PBXGroup;
			children = (
				FFE17771284E0B0900235496 /* Delegate */,
				FF676C00284A69C90045102E /* Common */,
				FF676BED2849DE580045102E /* Model */,
				FF676BF2284A52300045102E /* View */,
				FF676BF3284A523B0045102E /* Controller */,
				FF676BEA2849DCBE0045102E /* Extension */,
				FF676BCA2849D7000045102E /* ViewController.swift */,
			);
			path = Scenes;
			sourceTree = "<group>";
		};
		FF676BE02849DABA0045102E /* Recepts */ = {
			isa = PBXGroup;
			children = (
				FF676BE62849DB0E0045102E /* ReceptsController.swift */,
			);
			path = Recepts;
			sourceTree = "<group>";
		};
		FF676BE12849DAC00045102E /* Books */ = {
			isa = PBXGroup;
			children = (
				FFBC95C128523772001E36A2 /* FirstController */,
				FFBC95C02852375D001E36A2 /* Books */,
			);
			path = Books;
			sourceTree = "<group>";
		};
		FF676BE22849DAC60045102E /* Films */ = {
			isa = PBXGroup;
			children = (
				FF676BE82849DB1F0045102E /* FilmsController.swift */,
			);
			path = Films;
			sourceTree = "<group>";
		};
		FF676BEA2849DCBE0045102E /* Extension */ = {
			isa = PBXGroup;
			children = (
				FF676BEB2849DCDA0045102E /* UIColor+Extention.swift */,
			);
			path = Extension;
			sourceTree = "<group>";
		};
		FF676BED2849DE580045102E /* Model */ = {
			isa = PBXGroup;
			children = (
				FF676BF8284A52CA0045102E /* Books */,
			);
			path = Model;
			sourceTree = "<group>";
		};
		FF676BF2284A52300045102E /* View */ = {
			isa = PBXGroup;
			children = (
				FF676BF5284A52BA0045102E /* Books */,
			);
			path = View;
			sourceTree = "<group>";
		};
		FF676BF3284A523B0045102E /* Controller */ = {
			isa = PBXGroup;
			children = (
				FF676BE22849DAC60045102E /* Films */,
				FF676BE12849DAC00045102E /* Books */,
				FF676BE02849DABA0045102E /* Recepts */,
			);
			path = Controller;
			sourceTree = "<group>";
		};
		FF676BF5284A52BA0045102E /* Books */ = {
			isa = PBXGroup;
			children = (
				FFE1776E284DC37F00235496 /* Books */,
				FF676BFD284A5DE00045102E /* FirstView */,
			);
			path = Books;
			sourceTree = "<group>";
		};
		FF676BF8284A52CA0045102E /* Books */ = {
			isa = PBXGroup;
			children = (
				FF676BEE2849DE750045102E /* BooksModel.swift */,
				FF676BF02849DEB90045102E /* Books.swift */,
				FF763B43284C72700001B113 /* BooksTypeModel.swift */,
			);
			path = Books;
			sourceTree = "<group>";
		};
		FF676BFC284A5DDA0045102E /* CollectionViewCellView */ = {
			isa = PBXGroup;
			children = (
				FF763B41284B11C60001B113 /* TypeBookCollectionViewCell.swift */,
			);
			path = CollectionViewCellView;
			sourceTree = "<group>";
		};
		FF676BFD284A5DE00045102E /* FirstView */ = {
			isa = PBXGroup;
			children = (
				FF676BFC284A5DDA0045102E /* CollectionViewCellView */,
				FF676BFA284A54690045102E /* TypeBookView.swift */,
			);
			path = FirstView;
			sourceTree = "<group>";
		};
		FF676C00284A69C90045102E /* Common */ = {
			isa = PBXGroup;
			children = (
				FF676C01284A69E10045102E /* HeaderView.swift */,
			);
			path = Common;
			sourceTree = "<group>";
		};
		FFBC95C02852375D001E36A2 /* Books */ = {
			isa = PBXGroup;
			children = (
				FF523D6F285381FF0019BE05 /* ModalWindow */,
				FFE1776F284DC3A300235496 /* BooksController.swift */,
			);
			path = Books;
			sourceTree = "<group>";
		};
		FFBC95C128523772001E36A2 /* FirstController */ = {
			isa = PBXGroup;
			children = (
				FF676BE32849DAEB0045102E /* TypeBookController.swift */,
			);
			path = FirstController;
			sourceTree = "<group>";
		};
		FFBC95C428523A69001E36A2 /* CollectionViewCell */ = {
			isa = PBXGroup;
			children = (
				FF00266E2853052600E08B9A /* BooksCollectionViewCell.swift */,
			);
			path = CollectionViewCell;
			sourceTree = "<group>";
		};
		FFE1776E284DC37F00235496 /* Books */ = {
			isa = PBXGroup;
			children = (
				FF523D69285381C20019BE05 /* ModalWindow */,
				FFBC95C428523A69001E36A2 /* CollectionViewCell */,
				FFBC95C2285237E8001E36A2 /* BooksView.swift */,
			);
			path = Books;
			sourceTree = "<group>";
		};
		FFE17771284E0B0900235496 /* Delegate */ = {
			isa = PBXGroup;
			children = (
				FFE17772284E0B0F00235496 /* Books */,
			);
			path = Delegate;
			sourceTree = "<group>";
		};
		FFE17772284E0B0F00235496 /* Books */ = {
			isa = PBXGroup;
			children = (
				FFE17773284E0B3200235496 /* Delegate.swift */,
			);
			path = Books;
			sourceTree = "<group>";
		};
/* End PBXGroup section */

/* Begin PBXNativeTarget section */
		FF676BC22849D7000045102E /* Recommendations */ = {
			isa = PBXNativeTarget;
			buildConfigurationList = FF676BD72849D7020045102E /* Build configuration list for PBXNativeTarget "Recommendations" */;
			buildPhases = (
				FF676BBF2849D7000045102E /* Sources */,
				FF676BC02849D7000045102E /* Frameworks */,
				FF676BC12849D7000045102E /* Resources */,
			);
			buildRules = (
			);
			dependencies = (
			);
			name = Recommendations;
			productName = Recommendations;
			productReference = FF676BC32849D7000045102E /* Recommendations.app */;
			productType = "com.apple.product-type.application";
		};
/* End PBXNativeTarget section */

/* Begin PBXProject section */
		FF676BBB2849D7000045102E /* Project object */ = {
			isa = PBXProject;
			attributes = {
				BuildIndependentTargetsInParallel = 1;
				LastSwiftUpdateCheck = 1340;
				LastUpgradeCheck = 1340;
				TargetAttributes = {
					FF676BC22849D7000045102E = {
						CreatedOnToolsVersion = 13.4;
					};
				};
			};
			buildConfigurationList = FF676BBE2849D7000045102E /* Build configuration list for PBXProject "Recommendations" */;
			compatibilityVersion = "Xcode 13.0";
			developmentRegion = en;
			hasScannedForEncodings = 0;
			knownRegions = (
				en,
				Base,
			);
			mainGroup = FF676BBA2849D7000045102E;
			productRefGroup = FF676BC42849D7000045102E /* Products */;
			projectDirPath = "";
			projectRoot = "";
			targets = (
				FF676BC22849D7000045102E /* Recommendations */,
			);
		};
/* End PBXProject section */

/* Begin PBXResourcesBuildPhase section */
		FF676BC12849D7000045102E /* Resources */ = {
			isa = PBXResourcesBuildPhase;
			buildActionMask = 2147483647;
			files = (
				FF676BD32849D7020045102E /* LaunchScreen.storyboard in Resources */,
				FF676BD02849D7020045102E /* Assets.xcassets in Resources */,
				FF676BCE2849D7000045102E /* Main.storyboard in Resources */,
			);
			runOnlyForDeploymentPostprocessing = 0;
		};
/* End PBXResourcesBuildPhase section */

/* Begin PBXSourcesBuildPhase section */
		FF676BBF2849D7000045102E /* Sources */ = {
			isa = PBXSourcesBuildPhase;
			buildActionMask = 2147483647;
			files = (
				FF523D712853821D0019BE05 /* ModalWindowView.swift in Sources */,
				FF676BEC2849DCDA0045102E /* UIColor+Extention.swift in Sources */,
				FFE17770284DC3A300235496 /* BooksController.swift in Sources */,
				FF676BFB284A54690045102E /* TypeBookView.swift in Sources */,
				FF676BE72849DB0E0045102E /* ReceptsController.swift in Sources */,
				FFE17774284E0B3200235496 /* Delegate.swift in Sources */,
				FF523D6B285381DB0019BE05 /* ModalWindowController.swift in Sources */,
				FF763B44284C72700001B113 /* BooksTypeModel.swift in Sources */,
				FF676BE42849DAEB0045102E /* TypeBookController.swift in Sources */,
				FF763B42284B11C60001B113 /* TypeBookCollectionViewCell.swift in Sources */,
				FFBC95C3285237E8001E36A2 /* BooksView.swift in Sources */,
				FF676BEF2849DE750045102E /* BooksModel.swift in Sources */,
				FF676BF12849DEB90045102E /* Books.swift in Sources */,
				FF676C02284A69E10045102E /* HeaderView.swift in Sources */,
				FF676BE92849DB1F0045102E /* FilmsController.swift in Sources */,
				FF00266F2853052600E08B9A /* BooksCollectionViewCell.swift in Sources */,
				FF676BCB2849D7000045102E /* ViewController.swift in Sources */,
				FF676BC72849D7000045102E /* AppDelegate.swift in Sources */,
			);
			runOnlyForDeploymentPostprocessing = 0;
		};
/* End PBXSourcesBuildPhase section */

/* Begin PBXVariantGroup section */
		FF676BCC2849D7000045102E /* Main.storyboard */ = {
			isa = PBXVariantGroup;
			children = (
				FF676BCD2849D7000045102E /* Base */,
			);
			name = Main.storyboard;
			sourceTree = "<group>";
		};
		FF676BD12849D7020045102E /* LaunchScreen.storyboard */ = {
			isa = PBXVariantGroup;
			children = (
				FF676BD22849D7020045102E /* Base */,
			);
			name = LaunchScreen.storyboard;
			sourceTree = "<group>";
		};
/* End PBXVariantGroup section */

/* Begin XCBuildConfiguration section */
		FF676BD52849D7020045102E /* Debug */ = {
			isa = XCBuildConfiguration;
			buildSettings = {
				ALWAYS_SEARCH_USER_PATHS = NO;
				CLANG_ANALYZER_NONNULL = YES;
				CLANG_ANALYZER_NUMBER_OBJECT_CONVERSION = YES_AGGRESSIVE;
				CLANG_CXX_LANGUAGE_STANDARD = "gnu++17";
				CLANG_ENABLE_MODULES = YES;
				CLANG_ENABLE_OBJC_ARC = YES;
				CLANG_ENABLE_OBJC_WEAK = YES;
				CLANG_WARN_BLOCK_CAPTURE_AUTORELEASING = YES;
				CLANG_WARN_BOOL_CONVERSION = YES;
				CLANG_WARN_COMMA = YES;
				CLANG_WARN_CONSTANT_CONVERSION = YES;
				CLANG_WARN_DEPRECATED_OBJC_IMPLEMENTATIONS = YES;
				CLANG_WARN_DIRECT_OBJC_ISA_USAGE = YES_ERROR;
				CLANG_WARN_DOCUMENTATION_COMMENTS = YES;
				CLANG_WARN_EMPTY_BODY = YES;
				CLANG_WARN_ENUM_CONVERSION = YES;
				CLANG_WARN_INFINITE_RECURSION = YES;
				CLANG_WARN_INT_CONVERSION = YES;
				CLANG_WARN_NON_LITERAL_NULL_CONVERSION = YES;
				CLANG_WARN_OBJC_IMPLICIT_RETAIN_SELF = YES;
				CLANG_WARN_OBJC_LITERAL_CONVERSION = YES;
				CLANG_WARN_OBJC_ROOT_CLASS = YES_ERROR;
				CLANG_WARN_QUOTED_INCLUDE_IN_FRAMEWORK_HEADER = YES;
				CLANG_WARN_RANGE_LOOP_ANALYSIS = YES;
				CLANG_WARN_STRICT_PROTOTYPES = YES;
				CLANG_WARN_SUSPICIOUS_MOVE = YES;
				CLANG_WARN_UNGUARDED_AVAILABILITY = YES_AGGRESSIVE;
				CLANG_WARN_UNREACHABLE_CODE = YES;
				CLANG_WARN__DUPLICATE_METHOD_MATCH = YES;
				COPY_PHASE_STRIP = NO;
				DEBUG_INFORMATION_FORMAT = dwarf;
				ENABLE_STRICT_OBJC_MSGSEND = YES;
				ENABLE_TESTABILITY = YES;
				GCC_C_LANGUAGE_STANDARD = gnu11;
				GCC_DYNAMIC_NO_PIC = NO;
				GCC_NO_COMMON_BLOCKS = YES;
				GCC_OPTIMIZATION_LEVEL = 0;
				GCC_PREPROCESSOR_DEFINITIONS = (
					"DEBUG=1",
					"$(inherited)",
				);
				GCC_WARN_64_TO_32_BIT_CONVERSION = YES;
				GCC_WARN_ABOUT_RETURN_TYPE = YES_ERROR;
				GCC_WARN_UNDECLARED_SELECTOR = YES;
				GCC_WARN_UNINITIALIZED_AUTOS = YES_AGGRESSIVE;
				GCC_WARN_UNUSED_FUNCTION = YES;
				GCC_WARN_UNUSED_VARIABLE = YES;
				IPHONEOS_DEPLOYMENT_TARGET = 15.5;
				MTL_ENABLE_DEBUG_INFO = INCLUDE_SOURCE;
				MTL_FAST_MATH = YES;
				ONLY_ACTIVE_ARCH = YES;
				SDKROOT = iphoneos;
				SWIFT_ACTIVE_COMPILATION_CONDITIONS = DEBUG;
				SWIFT_OPTIMIZATION_LEVEL = "-Onone";
			};
			name = Debug;
		};
		FF676BD62849D7020045102E /* Release */ = {
			isa = XCBuildConfiguration;
			buildSettings = {
				ALWAYS_SEARCH_USER_PATHS = NO;
				CLANG_ANALYZER_NONNULL = YES;
				CLANG_ANALYZER_NUMBER_OBJECT_CONVERSION = YES_AGGRESSIVE;
				CLANG_CXX_LANGUAGE_STANDARD = "gnu++17";
				CLANG_ENABLE_MODULES = YES;
				CLANG_ENABLE_OBJC_ARC = YES;
				CLANG_ENABLE_OBJC_WEAK = YES;
				CLANG_WARN_BLOCK_CAPTURE_AUTORELEASING = YES;
				CLANG_WARN_BOOL_CONVERSION = YES;
				CLANG_WARN_COMMA = YES;
				CLANG_WARN_CONSTANT_CONVERSION = YES;
				CLANG_WARN_DEPRECATED_OBJC_IMPLEMENTATIONS = YES;
				CLANG_WARN_DIRECT_OBJC_ISA_USAGE = YES_ERROR;
				CLANG_WARN_DOCUMENTATION_COMMENTS = YES;
				CLANG_WARN_EMPTY_BODY = YES;
				CLANG_WARN_ENUM_CONVERSION = YES;
				CLANG_WARN_INFINITE_RECURSION = YES;
				CLANG_WARN_INT_CONVERSION = YES;
				CLANG_WARN_NON_LITERAL_NULL_CONVERSION = YES;
				CLANG_WARN_OBJC_IMPLICIT_RETAIN_SELF = YES;
				CLANG_WARN_OBJC_LITERAL_CONVERSION = YES;
				CLANG_WARN_OBJC_ROOT_CLASS = YES_ERROR;
				CLANG_WARN_QUOTED_INCLUDE_IN_FRAMEWORK_HEADER = YES;
				CLANG_WARN_RANGE_LOOP_ANALYSIS = YES;
				CLANG_WARN_STRICT_PROTOTYPES = YES;
				CLANG_WARN_SUSPICIOUS_MOVE = YES;
				CLANG_WARN_UNGUARDED_AVAILABILITY = YES_AGGRESSIVE;
				CLANG_WARN_UNREACHABLE_CODE = YES;
				CLANG_WARN__DUPLICATE_METHOD_MATCH = YES;
				COPY_PHASE_STRIP = NO;
				DEBUG_INFORMATION_FORMAT = "dwarf-with-dsym";
				ENABLE_NS_ASSERTIONS = NO;
				ENABLE_STRICT_OBJC_MSGSEND = YES;
				GCC_C_LANGUAGE_STANDARD = gnu11;
				GCC_NO_COMMON_BLOCKS = YES;
				GCC_WARN_64_TO_32_BIT_CONVERSION = YES;
				GCC_WARN_ABOUT_RETURN_TYPE = YES_ERROR;
				GCC_WARN_UNDECLARED_SELECTOR = YES;
				GCC_WARN_UNINITIALIZED_AUTOS = YES_AGGRESSIVE;
				GCC_WARN_UNUSED_FUNCTION = YES;
				GCC_WARN_UNUSED_VARIABLE = YES;
				IPHONEOS_DEPLOYMENT_TARGET = 15.5;
				MTL_ENABLE_DEBUG_INFO = NO;
				MTL_FAST_MATH = YES;
				SDKROOT = iphoneos;
				SWIFT_COMPILATION_MODE = wholemodule;
				SWIFT_OPTIMIZATION_LEVEL = "-O";
				VALIDATE_PRODUCT = YES;
			};
			name = Release;
		};
		FF676BD82849D7020045102E /* Debug */ = {
			isa = XCBuildConfiguration;
			buildSettings = {
				ASSETCATALOG_COMPILER_APPICON_NAME = AppIcon;
				ASSETCATALOG_COMPILER_GLOBAL_ACCENT_COLOR_NAME = AccentColor;
				CODE_SIGN_STYLE = Automatic;
				CURRENT_PROJECT_VERSION = 1;
				DEVELOPMENT_TEAM = 4Q633P5RZ5;
				GENERATE_INFOPLIST_FILE = YES;
				INFOPLIST_FILE = Recommendations/Resource/Configs/Info.plist;
				INFOPLIST_KEY_UIApplicationSupportsIndirectInputEvents = YES;
				INFOPLIST_KEY_UILaunchStoryboardName = LaunchScreen;
				INFOPLIST_KEY_UIMainStoryboardFile = Main;
				INFOPLIST_KEY_UISupportedInterfaceOrientations_iPad = "UIInterfaceOrientationPortrait UIInterfaceOrientationPortraitUpsideDown UIInterfaceOrientationLandscapeLeft UIInterfaceOrientationLandscapeRight";
				INFOPLIST_KEY_UISupportedInterfaceOrientations_iPhone = "UIInterfaceOrientationPortrait UIInterfaceOrientationLandscapeLeft UIInterfaceOrientationLandscapeRight";
				LD_RUNPATH_SEARCH_PATHS = (
					"$(inherited)",
					"@executable_path/Frameworks",
				);
				MARKETING_VERSION = 1.0;
				PRODUCT_BUNDLE_IDENTIFIER = KretiukDasha.Recommendations;
				PRODUCT_NAME = "$(TARGET_NAME)";
				SWIFT_EMIT_LOC_STRINGS = YES;
				SWIFT_VERSION = 5.0;
				TARGETED_DEVICE_FAMILY = "1,2";
			};
			name = Debug;
		};
		FF676BD92849D7020045102E /* Release */ = {
			isa = XCBuildConfiguration;
			buildSettings = {
				ASSETCATALOG_COMPILER_APPICON_NAME = AppIcon;
				ASSETCATALOG_COMPILER_GLOBAL_ACCENT_COLOR_NAME = AccentColor;
				CODE_SIGN_STYLE = Automatic;
				CURRENT_PROJECT_VERSION = 1;
				DEVELOPMENT_TEAM = 4Q633P5RZ5;
				GENERATE_INFOPLIST_FILE = YES;
				INFOPLIST_FILE = Recommendations/Resource/Configs/Info.plist;
				INFOPLIST_KEY_UIApplicationSupportsIndirectInputEvents = YES;
				INFOPLIST_KEY_UILaunchStoryboardName = LaunchScreen;
				INFOPLIST_KEY_UIMainStoryboardFile = Main;
				INFOPLIST_KEY_UISupportedInterfaceOrientations_iPad = "UIInterfaceOrientationPortrait UIInterfaceOrientationPortraitUpsideDown UIInterfaceOrientationLandscapeLeft UIInterfaceOrientationLandscapeRight";
				INFOPLIST_KEY_UISupportedInterfaceOrientations_iPhone = "UIInterfaceOrientationPortrait UIInterfaceOrientationLandscapeLeft UIInterfaceOrientationLandscapeRight";
				LD_RUNPATH_SEARCH_PATHS = (
					"$(inherited)",
					"@executable_path/Frameworks",
				);
				MARKETING_VERSION = 1.0;
				PRODUCT_BUNDLE_IDENTIFIER = KretiukDasha.Recommendations;
				PRODUCT_NAME = "$(TARGET_NAME)";
				SWIFT_EMIT_LOC_STRINGS = YES;
				SWIFT_VERSION = 5.0;
				TARGETED_DEVICE_FAMILY = "1,2";
			};
			name = Release;
		};
/* End XCBuildConfiguration section */

/* Begin XCConfigurationList section */
		FF676BBE2849D7000045102E /* Build configuration list for PBXProject "Recommendations" */ = {
			isa = XCConfigurationList;
			buildConfigurations = (
				FF676BD52849D7020045102E /* Debug */,
				FF676BD62849D7020045102E /* Release */,
			);
			defaultConfigurationIsVisible = 0;
			defaultConfigurationName = Release;
		};
		FF676BD72849D7020045102E /* Build configuration list for PBXNativeTarget "Recommendations" */ = {
			isa = XCConfigurationList;
			buildConfigurations = (
				FF676BD82849D7020045102E /* Debug */,
				FF676BD92849D7020045102E /* Release */,
			);
			defaultConfigurationIsVisible = 0;
			defaultConfigurationName = Release;
		};
/* End XCConfigurationList section */
	};
	rootObject = FF676BBB2849D7000045102E /* Project object */;
}
